
Microsoft Visual Studio Solution File, Format Version 12.00
# Visual Studio Version 16
VisualStudioVersion = 16.0.29519.181
MinimumVisualStudioVersion = 10.0.40219.1
Project("{FAE04EC0-301F-11D3-BF4B-00C04F79EFBC}") = "RazorPagesMovie", "RazorPagesMovie\RazorPagesMovie.csproj", "{D72AA711-026D-4EAD-BF5F-99FAFFCA2AEC}"
EndProject
Global
	GlobalSection(SolutionConfigurationPlatforms) = preSolution
		Debug|Any CPU = Debug|Any CPU
		Release|Any CPU = Release|Any CPU
	EndGlobalSection
	GlobalSection(ProjectConfigurationPlatforms) = postSolution
		{D72AA711-026D-4EAD-BF5F-99FAFFCA2AEC}.Debug|Any CPU.ActiveCfg = Debug|Any CPU
		{D72AA711-026D-4EAD-BF5F-99FAFFCA2AEC}.Debug|Any CPU.Build.0 = Debug|Any CPU
		{D72AA711-026D-4EAD-BF5F-99FAFFCA2AEC}.Release|Any CPU.ActiveCfg = Release|Any CPU
		{D72AA711-026D-4EAD-BF5F-99FAFFCA2AEC}.Release|Any CPU.Build.0 = Release|Any CPU
	EndGlobalSection
	GlobalSection(SolutionProperties) = preSolution
		HideSolutionNode = FALSE
	EndGlobalSection
	GlobalSection(ExtensibilityGlobals) = postSolution
		SolutionGuid = {DC882226-4FFA-4E19-A6B6-43FE84C0CD64}
	EndGlobalSection
EndGlobal
