
Microsoft Visual Studio Solution File, Format Version 12.00
# Visual Studio Version 16
VisualStudioVersion = 16.0.29519.181
MinimumVisualStudioVersion = 10.0.40219.1
Project("{FAE04EC0-301F-11D3-BF4B-00C04F79EFBC}") = "Proj3", "Proj3\Proj3.csproj", "{1AD9195D-528D-44FC-ACF0-C75948574742}"
EndProject
Global
	GlobalSection(SolutionConfigurationPlatforms) = preSolution
		Debug|Any CPU = Debug|Any CPU
		Release|Any CPU = Release|Any CPU
	EndGlobalSection
	GlobalSection(ProjectConfigurationPlatforms) = postSolution
		{1AD9195D-528D-44FC-ACF0-C75948574742}.Debug|Any CPU.ActiveCfg = Debug|Any CPU
		{1AD9195D-528D-44FC-ACF0-C75948574742}.Debug|Any CPU.Build.0 = Debug|Any CPU
		{1AD9195D-528D-44FC-ACF0-C75948574742}.Release|Any CPU.ActiveCfg = Release|Any CPU
		{1AD9195D-528D-44FC-ACF0-C75948574742}.Release|Any CPU.Build.0 = Release|Any CPU
	EndGlobalSection
	GlobalSection(SolutionProperties) = preSolution
		HideSolutionNode = FALSE
	EndGlobalSection
	GlobalSection(ExtensibilityGlobals) = postSolution
		SolutionGuid = {E9771EDD-14FC-45FE-A90F-0E986CB5846E}
	EndGlobalSection
EndGlobal
